
Microsoft Visual Studio Solution File, Format Version 12.00
# Visual Studio Version 16
VisualStudioVersion = 16.0.31911.196
MinimumVisualStudioVersion = 10.0.40219.1
Project("{FAE04EC0-301F-11D3-BF4B-00C04F79EFBC}") = "GUI", "GUI.csproj", "{96E970F5-F4F7-4F9B-9DB1-43F0FED6F7AB}"
EndProject
Project("{2150E333-8FDC-42A3-9474-1A3956D46DE8}") = "Solution Items", "Solution Items", "{258643E4-2D23-46A1-8BD7-00BFAE7460C0}"
EndProject
Global
	GlobalSection(SolutionConfigurationPlatforms) = preSolution
		Debug|Any CPU = Debug|Any CPU
		Release|Any CPU = Release|Any CPU
	EndGlobalSection
	GlobalSection(ProjectConfigurationPlatforms) = postSolution
		{96E970F5-F4F7-4F9B-9DB1-43F0FED6F7AB}.Debug|Any CPU.ActiveCfg = Debug|Any CPU
		{96E970F5-F4F7-4F9B-9DB1-43F0FED6F7AB}.Debug|Any CPU.Build.0 = Debug|Any CPU
		{96E970F5-F4F7-4F9B-9DB1-43F0FED6F7AB}.Release|Any CPU.ActiveCfg = Release|Any CPU
		{96E970F5-F4F7-4F9B-9DB1-43F0FED6F7AB}.Release|Any CPU.Build.0 = Release|Any CPU
	EndGlobalSection
	GlobalSection(SolutionProperties) = preSolution
		HideSolutionNode = FALSE
	EndGlobalSection
	GlobalSection(ExtensibilityGlobals) = postSolution
		SolutionGuid = {7E8A05F4-C8ED-4101-82CD-E29CCF01DBA7}
	EndGlobalSection
EndGlobal
